// !$*UTF8*$!
{
	archiveVersion = 1;
	classes = {
	};
	objectVersion = 51;
	objects = {

/* Begin PBXBuildFile section */
		6073478EFCBD0D06B273FC07 /* Pods_GithubAirTests.framework in Frameworks */ = {isa = PBXBuildFile; fileRef = 4382618BBE65E709A8F4AF62 /* Pods_GithubAirTests.framework */; };
		6AAB558393D15AE49E0D7488 /* Pods_GithubAir_GithubAirUITests.framework in Frameworks */ = {isa = PBXBuildFile; fileRef = 2DE174D0657D767FBB092702 /* Pods_GithubAir_GithubAirUITests.framework */; };
		BD8418A623E72F5A00BE240C /* URGithubAPI.m in Sources */ = {isa = PBXBuildFile; fileRef = BD8418A523E72F5A00BE240C /* URGithubAPI.m */; };
		BD8418AA23E79D8B00BE240C /* URGithubRepositoryModel.m in Sources */ = {isa = PBXBuildFile; fileRef = BD8418A923E79D8B00BE240C /* URGithubRepositoryModel.m */; };
		BD8418AF23E7BA3E00BE240C /* ReposViewController.m in Sources */ = {isa = PBXBuildFile; fileRef = BD8418AE23E7BA3E00BE240C /* ReposViewController.m */; };
		BD8418B723E7E65400BE240C /* URGithubUserModel.m in Sources */ = {isa = PBXBuildFile; fileRef = BD8418B623E7E65400BE240C /* URGithubUserModel.m */; };
		BD8418BB23E7EEFB00BE240C /* RepoItemTableViewCell.m in Sources */ = {isa = PBXBuildFile; fileRef = BD8418B923E7EEFB00BE240C /* RepoItemTableViewCell.m */; };
		BD8418BC23E7EEFB00BE240C /* RepoItemTableViewCell.xib in Resources */ = {isa = PBXBuildFile; fileRef = BD8418BA23E7EEFB00BE240C /* RepoItemTableViewCell.xib */; };
		BD87070D23E1D0AA0027C224 /* AppDelegate.m in Sources */ = {isa = PBXBuildFile; fileRef = BD87070C23E1D0AA0027C224 /* AppDelegate.m */; };
		BD87071023E1D0AA0027C224 /* SceneDelegate.m in Sources */ = {isa = PBXBuildFile; fileRef = BD87070F23E1D0AA0027C224 /* SceneDelegate.m */; };
		BD87071623E1D0AA0027C224 /* Main.storyboard in Resources */ = {isa = PBXBuildFile; fileRef = BD87071423E1D0AA0027C224 /* Main.storyboard */; };
		BD87071823E1D0B10027C224 /* Assets.xcassets in Resources */ = {isa = PBXBuildFile; fileRef = BD87071723E1D0B10027C224 /* Assets.xcassets */; };
		BD87071B23E1D0B10027C224 /* LaunchScreen.storyboard in Resources */ = {isa = PBXBuildFile; fileRef = BD87071923E1D0B10027C224 /* LaunchScreen.storyboard */; };
		BD87071E23E1D0B10027C224 /* main.m in Sources */ = {isa = PBXBuildFile; fileRef = BD87071D23E1D0B10027C224 /* main.m */; };
		BD87072823E1D0B20027C224 /* GithubAirTests.m in Sources */ = {isa = PBXBuildFile; fileRef = BD87072723E1D0B20027C224 /* GithubAirTests.m */; };
		BD87073323E1D0B20027C224 /* GithubAirUITests.m in Sources */ = {isa = PBXBuildFile; fileRef = BD87073223E1D0B20027C224 /* GithubAirUITests.m */; };
		DDE465E7DF942DCEDCED475B /* Pods_GithubAir.framework in Frameworks */ = {isa = PBXBuildFile; fileRef = AE260D037C224BD4DBA12B78 /* Pods_GithubAir.framework */; };
/* End PBXBuildFile section */

/* Begin PBXContainerItemProxy section */
		BD87072423E1D0B20027C224 /* PBXContainerItemProxy */ = {
			isa = PBXContainerItemProxy;
			containerPortal = BD87070023E1D0A90027C224 /* Project object */;
			proxyType = 1;
			remoteGlobalIDString = BD87070723E1D0AA0027C224;
			remoteInfo = GithubAir;
		};
		BD87072F23E1D0B20027C224 /* PBXContainerItemProxy */ = {
			isa = PBXContainerItemProxy;
			containerPortal = BD87070023E1D0A90027C224 /* Project object */;
			proxyType = 1;
			remoteGlobalIDString = BD87070723E1D0AA0027C224;
			remoteInfo = GithubAir;
		};
/* End PBXContainerItemProxy section */

/* Begin PBXFileReference section */
		0D5114CBCA9E7ED1BD30E9EC /* Pods-GithubAir.release.xcconfig */ = {isa = PBXFileReference; includeInIndex = 1; lastKnownFileType = text.xcconfig; name = "Pods-GithubAir.release.xcconfig"; path = "Target Support Files/Pods-GithubAir/Pods-GithubAir.release.xcconfig"; sourceTree = "<group>"; };
		15362F2EF7F3E041BBDD90C0 /* Pods-GithubAirTests.release.xcconfig */ = {isa = PBXFileReference; includeInIndex = 1; lastKnownFileType = text.xcconfig; name = "Pods-GithubAirTests.release.xcconfig"; path = "Target Support Files/Pods-GithubAirTests/Pods-GithubAirTests.release.xcconfig"; sourceTree = "<group>"; };
		1C0C0E95AE2116E370D1A2B0 /* Pods-GithubAir.debug.xcconfig */ = {isa = PBXFileReference; includeInIndex = 1; lastKnownFileType = text.xcconfig; name = "Pods-GithubAir.debug.xcconfig"; path = "Target Support Files/Pods-GithubAir/Pods-GithubAir.debug.xcconfig"; sourceTree = "<group>"; };
		2DE174D0657D767FBB092702 /* Pods_GithubAir_GithubAirUITests.framework */ = {isa = PBXFileReference; explicitFileType = wrapper.framework; includeInIndex = 0; path = Pods_GithubAir_GithubAirUITests.framework; sourceTree = BUILT_PRODUCTS_DIR; };
		4382618BBE65E709A8F4AF62 /* Pods_GithubAirTests.framework */ = {isa = PBXFileReference; explicitFileType = wrapper.framework; includeInIndex = 0; path = Pods_GithubAirTests.framework; sourceTree = BUILT_PRODUCTS_DIR; };
		53315152432ED5D531079B6A /* Pods-GithubAir-GithubAirUITests.release.xcconfig */ = {isa = PBXFileReference; includeInIndex = 1; lastKnownFileType = text.xcconfig; name = "Pods-GithubAir-GithubAirUITests.release.xcconfig"; path = "Target Support Files/Pods-GithubAir-GithubAirUITests/Pods-GithubAir-GithubAirUITests.release.xcconfig"; sourceTree = "<group>"; };
		AE260D037C224BD4DBA12B78 /* Pods_GithubAir.framework */ = {isa = PBXFileReference; explicitFileType = wrapper.framework; includeInIndex = 0; path = Pods_GithubAir.framework; sourceTree = BUILT_PRODUCTS_DIR; };
		BD8418A423E72F5A00BE240C /* URGithubAPI.h */ = {isa = PBXFileReference; lastKnownFileType = sourcecode.c.h; path = URGithubAPI.h; sourceTree = "<group>"; };
		BD8418A523E72F5A00BE240C /* URGithubAPI.m */ = {isa = PBXFileReference; lastKnownFileType = sourcecode.c.objc; path = URGithubAPI.m; sourceTree = "<group>"; };
		BD8418A823E79D8B00BE240C /* URGithubRepositoryModel.h */ = {isa = PBXFileReference; lastKnownFileType = sourcecode.c.h; path = URGithubRepositoryModel.h; sourceTree = "<group>"; };
		BD8418A923E79D8B00BE240C /* URGithubRepositoryModel.m */ = {isa = PBXFileReference; lastKnownFileType = sourcecode.c.objc; path = URGithubRepositoryModel.m; sourceTree = "<group>"; };
		BD8418AD23E7BA3E00BE240C /* ReposViewController.h */ = {isa = PBXFileReference; fileEncoding = 4; lastKnownFileType = sourcecode.c.h; path = ReposViewController.h; sourceTree = "<group>"; };
		BD8418AE23E7BA3E00BE240C /* ReposViewController.m */ = {isa = PBXFileReference; fileEncoding = 4; lastKnownFileType = sourcecode.c.objc; path = ReposViewController.m; sourceTree = "<group>"; };
		BD8418B523E7E65400BE240C /* URGithubUserModel.h */ = {isa = PBXFileReference; lastKnownFileType = sourcecode.c.h; path = URGithubUserModel.h; sourceTree = "<group>"; };
		BD8418B623E7E65400BE240C /* URGithubUserModel.m */ = {isa = PBXFileReference; lastKnownFileType = sourcecode.c.objc; path = URGithubUserModel.m; sourceTree = "<group>"; };
		BD8418B823E7EEFB00BE240C /* RepoItemTableViewCell.h */ = {isa = PBXFileReference; lastKnownFileType = sourcecode.c.h; path = RepoItemTableViewCell.h; sourceTree = "<group>"; };
		BD8418B923E7EEFB00BE240C /* RepoItemTableViewCell.m */ = {isa = PBXFileReference; lastKnownFileType = sourcecode.c.objc; path = RepoItemTableViewCell.m; sourceTree = "<group>"; };
		BD8418BA23E7EEFB00BE240C /* RepoItemTableViewCell.xib */ = {isa = PBXFileReference; lastKnownFileType = file.xib; path = RepoItemTableViewCell.xib; sourceTree = "<group>"; };
		BD87070823E1D0AA0027C224 /* GithubAir.app */ = {isa = PBXFileReference; explicitFileType = wrapper.application; includeInIndex = 0; path = GithubAir.app; sourceTree = BUILT_PRODUCTS_DIR; };
		BD87070B23E1D0AA0027C224 /* AppDelegate.h */ = {isa = PBXFileReference; lastKnownFileType = sourcecode.c.h; path = AppDelegate.h; sourceTree = "<group>"; };
		BD87070C23E1D0AA0027C224 /* AppDelegate.m */ = {isa = PBXFileReference; lastKnownFileType = sourcecode.c.objc; path = AppDelegate.m; sourceTree = "<group>"; };
		BD87070E23E1D0AA0027C224 /* SceneDelegate.h */ = {isa = PBXFileReference; lastKnownFileType = sourcecode.c.h; path = SceneDelegate.h; sourceTree = "<group>"; };
		BD87070F23E1D0AA0027C224 /* SceneDelegate.m */ = {isa = PBXFileReference; lastKnownFileType = sourcecode.c.objc; path = SceneDelegate.m; sourceTree = "<group>"; };
		BD87071523E1D0AA0027C224 /* Base */ = {isa = PBXFileReference; lastKnownFileType = file.storyboard; name = Base; path = Base.lproj/Main.storyboard; sourceTree = "<group>"; };
		BD87071723E1D0B10027C224 /* Assets.xcassets */ = {isa = PBXFileReference; lastKnownFileType = folder.assetcatalog; path = Assets.xcassets; sourceTree = "<group>"; };
		BD87071A23E1D0B10027C224 /* Base */ = {isa = PBXFileReference; lastKnownFileType = file.storyboard; name = Base; path = Base.lproj/LaunchScreen.storyboard; sourceTree = "<group>"; };
		BD87071C23E1D0B10027C224 /* Info.plist */ = {isa = PBXFileReference; lastKnownFileType = text.plist.xml; path = Info.plist; sourceTree = "<group>"; };
		BD87071D23E1D0B10027C224 /* main.m */ = {isa = PBXFileReference; lastKnownFileType = sourcecode.c.objc; path = main.m; sourceTree = "<group>"; };
		BD87072323E1D0B20027C224 /* GithubAirTests.xctest */ = {isa = PBXFileReference; explicitFileType = wrapper.cfbundle; includeInIndex = 0; path = GithubAirTests.xctest; sourceTree = BUILT_PRODUCTS_DIR; };
		BD87072723E1D0B20027C224 /* GithubAirTests.m */ = {isa = PBXFileReference; lastKnownFileType = sourcecode.c.objc; path = GithubAirTests.m; sourceTree = "<group>"; };
		BD87072923E1D0B20027C224 /* Info.plist */ = {isa = PBXFileReference; lastKnownFileType = text.plist.xml; path = Info.plist; sourceTree = "<group>"; };
		BD87072E23E1D0B20027C224 /* GithubAirUITests.xctest */ = {isa = PBXFileReference; explicitFileType = wrapper.cfbundle; includeInIndex = 0; path = GithubAirUITests.xctest; sourceTree = BUILT_PRODUCTS_DIR; };
		BD87073223E1D0B20027C224 /* GithubAirUITests.m */ = {isa = PBXFileReference; lastKnownFileType = sourcecode.c.objc; path = GithubAirUITests.m; sourceTree = "<group>"; };
		BD87073423E1D0B20027C224 /* Info.plist */ = {isa = PBXFileReference; lastKnownFileType = text.plist.xml; path = Info.plist; sourceTree = "<group>"; };
		CC0028FFA671E53183851845 /* Pods-GithubAir-GithubAirUITests.debug.xcconfig */ = {isa = PBXFileReference; includeInIndex = 1; lastKnownFileType = text.xcconfig; name = "Pods-GithubAir-GithubAirUITests.debug.xcconfig"; path = "Target Support Files/Pods-GithubAir-GithubAirUITests/Pods-GithubAir-GithubAirUITests.debug.xcconfig"; sourceTree = "<group>"; };
		DD7AD3A376A35F71F583F78F /* Pods-GithubAirTests.debug.xcconfig */ = {isa = PBXFileReference; includeInIndex = 1; lastKnownFileType = text.xcconfig; name = "Pods-GithubAirTests.debug.xcconfig"; path = "Target Support Files/Pods-GithubAirTests/Pods-GithubAirTests.debug.xcconfig"; sourceTree = "<group>"; };
/* End PBXFileReference section */

/* Begin PBXFrameworksBuildPhase section */
		BD87070523E1D0AA0027C224 /* Frameworks */ = {
			isa = PBXFrameworksBuildPhase;
			buildActionMask = 2147483647;
			files = (
				DDE465E7DF942DCEDCED475B /* Pods_GithubAir.framework in Frameworks */,
			);
			runOnlyForDeploymentPostprocessing = 0;
		};
		BD87072023E1D0B20027C224 /* Frameworks */ = {
			isa = PBXFrameworksBuildPhase;
			buildActionMask = 2147483647;
			files = (
				6073478EFCBD0D06B273FC07 /* Pods_GithubAirTests.framework in Frameworks */,
			);
			runOnlyForDeploymentPostprocessing = 0;
		};
		BD87072B23E1D0B20027C224 /* Frameworks */ = {
			isa = PBXFrameworksBuildPhase;
			buildActionMask = 2147483647;
			files = (
				6AAB558393D15AE49E0D7488 /* Pods_GithubAir_GithubAirUITests.framework in Frameworks */,
			);
			runOnlyForDeploymentPostprocessing = 0;
		};
/* End PBXFrameworksBuildPhase section */

/* Begin PBXGroup section */
		1B60CC64E355E6034FE15A61 /* Frameworks */ = {
			isa = PBXGroup;
			children = (
				AE260D037C224BD4DBA12B78 /* Pods_GithubAir.framework */,
				2DE174D0657D767FBB092702 /* Pods_GithubAir_GithubAirUITests.framework */,
				4382618BBE65E709A8F4AF62 /* Pods_GithubAirTests.framework */,
			);
			name = Frameworks;
			sourceTree = "<group>";
		};
		6C9D423F3FBCBC062EA59608 /* Pods */ = {
			isa = PBXGroup;
			children = (
				1C0C0E95AE2116E370D1A2B0 /* Pods-GithubAir.debug.xcconfig */,
				0D5114CBCA9E7ED1BD30E9EC /* Pods-GithubAir.release.xcconfig */,
				CC0028FFA671E53183851845 /* Pods-GithubAir-GithubAirUITests.debug.xcconfig */,
				53315152432ED5D531079B6A /* Pods-GithubAir-GithubAirUITests.release.xcconfig */,
				DD7AD3A376A35F71F583F78F /* Pods-GithubAirTests.debug.xcconfig */,
				15362F2EF7F3E041BBDD90C0 /* Pods-GithubAirTests.release.xcconfig */,
			);
			path = Pods;
			sourceTree = "<group>";
		};
		BD8418A323E72CA800BE240C /* Services */ = {
			isa = PBXGroup;
			children = (
				BD8418A423E72F5A00BE240C /* URGithubAPI.h */,
				BD8418A523E72F5A00BE240C /* URGithubAPI.m */,
			);
			path = Services;
			sourceTree = "<group>";
		};
		BD8418A723E79D5800BE240C /* Models */ = {
			isa = PBXGroup;
			children = (
				BD8418A823E79D8B00BE240C /* URGithubRepositoryModel.h */,
				BD8418A923E79D8B00BE240C /* URGithubRepositoryModel.m */,
				BD8418B523E7E65400BE240C /* URGithubUserModel.h */,
				BD8418B623E7E65400BE240C /* URGithubUserModel.m */,
			);
			path = Models;
			sourceTree = "<group>";
		};
		BD8418AC23E7B61000BE240C /* Views */ = {
			isa = PBXGroup;
			children = (
				BD8418AD23E7BA3E00BE240C /* ReposViewController.h */,
				BD8418AE23E7BA3E00BE240C /* ReposViewController.m */,
				BD8418B823E7EEFB00BE240C /* RepoItemTableViewCell.h */,
				BD8418B923E7EEFB00BE240C /* RepoItemTableViewCell.m */,
				BD8418BA23E7EEFB00BE240C /* RepoItemTableViewCell.xib */,
			);
			path = Views;
			sourceTree = "<group>";
		};
		BD8706FF23E1D0A90027C224 = {
			isa = PBXGroup;
			children = (
				BD87070A23E1D0AA0027C224 /* GithubAir */,
				BD87072623E1D0B20027C224 /* GithubAirTests */,
				BD87073123E1D0B20027C224 /* GithubAirUITests */,
				BD87070923E1D0AA0027C224 /* Products */,
				6C9D423F3FBCBC062EA59608 /* Pods */,
				1B60CC64E355E6034FE15A61 /* Frameworks */,
			);
			sourceTree = "<group>";
		};
		BD87070923E1D0AA0027C224 /* Products */ = {
			isa = PBXGroup;
			children = (
				BD87070823E1D0AA0027C224 /* GithubAir.app */,
				BD87072323E1D0B20027C224 /* GithubAirTests.xctest */,
				BD87072E23E1D0B20027C224 /* GithubAirUITests.xctest */,
			);
			name = Products;
			sourceTree = "<group>";
		};
		BD87070A23E1D0AA0027C224 /* GithubAir */ = {
			isa = PBXGroup;
			children = (
				BD8418AC23E7B61000BE240C /* Views */,
				BD8418A723E79D5800BE240C /* Models */,
				BD8418A323E72CA800BE240C /* Services */,
				BD87070B23E1D0AA0027C224 /* AppDelegate.h */,
				BD87070C23E1D0AA0027C224 /* AppDelegate.m */,
				BD87070E23E1D0AA0027C224 /* SceneDelegate.h */,
				BD87070F23E1D0AA0027C224 /* SceneDelegate.m */,
				BD87071423E1D0AA0027C224 /* Main.storyboard */,
				BD87071723E1D0B10027C224 /* Assets.xcassets */,
				BD87071923E1D0B10027C224 /* LaunchScreen.storyboard */,
				BD87071C23E1D0B10027C224 /* Info.plist */,
				BD87071D23E1D0B10027C224 /* main.m */,
			);
			path = GithubAir;
			sourceTree = "<group>";
		};
		BD87072623E1D0B20027C224 /* GithubAirTests */ = {
			isa = PBXGroup;
			children = (
				BD87072723E1D0B20027C224 /* GithubAirTests.m */,
				BD87072923E1D0B20027C224 /* Info.plist */,
			);
			path = GithubAirTests;
			sourceTree = "<group>";
		};
		BD87073123E1D0B20027C224 /* GithubAirUITests */ = {
			isa = PBXGroup;
			children = (
				BD87073223E1D0B20027C224 /* GithubAirUITests.m */,
				BD87073423E1D0B20027C224 /* Info.plist */,
			);
			path = GithubAirUITests;
			sourceTree = "<group>";
		};
/* End PBXGroup section */

/* Begin PBXNativeTarget section */
		BD87070723E1D0AA0027C224 /* GithubAir */ = {
			isa = PBXNativeTarget;
			buildConfigurationList = BD87073723E1D0B20027C224 /* Build configuration list for PBXNativeTarget "GithubAir" */;
			buildPhases = (
				4800696FBF0094FAAFA99632 /* [CP] Check Pods Manifest.lock */,
				BD87070423E1D0AA0027C224 /* Sources */,
				BD87070523E1D0AA0027C224 /* Frameworks */,
				BD87070623E1D0AA0027C224 /* Resources */,
				C0B4DD20F6BF89A1DC6ADCE9 /* [CP] Embed Pods Frameworks */,
			);
			buildRules = (
			);
			dependencies = (
			);
			name = GithubAir;
			productName = GithubAir;
			productReference = BD87070823E1D0AA0027C224 /* GithubAir.app */;
			productType = "com.apple.product-type.application";
		};
		BD87072223E1D0B20027C224 /* GithubAirTests */ = {
			isa = PBXNativeTarget;
			buildConfigurationList = BD87073A23E1D0B20027C224 /* Build configuration list for PBXNativeTarget "GithubAirTests" */;
			buildPhases = (
				83E0096235519118162EB4D5 /* [CP] Check Pods Manifest.lock */,
				BD87071F23E1D0B20027C224 /* Sources */,
				BD87072023E1D0B20027C224 /* Frameworks */,
				BD87072123E1D0B20027C224 /* Resources */,
			);
			buildRules = (
			);
			dependencies = (
				BD87072523E1D0B20027C224 /* PBXTargetDependency */,
			);
			name = GithubAirTests;
			productName = GithubAirTests;
			productReference = BD87072323E1D0B20027C224 /* GithubAirTests.xctest */;
			productType = "com.apple.product-type.bundle.unit-test";
		};
		BD87072D23E1D0B20027C224 /* GithubAirUITests */ = {
			isa = PBXNativeTarget;
			buildConfigurationList = BD87073D23E1D0B20027C224 /* Build configuration list for PBXNativeTarget "GithubAirUITests" */;
			buildPhases = (
				22EA06DE9F1BB7C686BA02EF /* [CP] Check Pods Manifest.lock */,
				BD87072A23E1D0B20027C224 /* Sources */,
				BD87072B23E1D0B20027C224 /* Frameworks */,
				BD87072C23E1D0B20027C224 /* Resources */,
				68382A4C8C2919FD5097C3EC /* [CP] Embed Pods Frameworks */,
			);
			buildRules = (
			);
			dependencies = (
				BD87073023E1D0B20027C224 /* PBXTargetDependency */,
			);
			name = GithubAirUITests;
			productName = GithubAirUITests;
			productReference = BD87072E23E1D0B20027C224 /* GithubAirUITests.xctest */;
			productType = "com.apple.product-type.bundle.ui-testing";
		};
/* End PBXNativeTarget section */

/* Begin PBXProject section */
		BD87070023E1D0A90027C224 /* Project object */ = {
			isa = PBXProject;
			attributes = {
				LastUpgradeCheck = 1130;
				ORGANIZATIONNAME = "United Remote";
				TargetAttributes = {
					BD87070723E1D0AA0027C224 = {
						CreatedOnToolsVersion = 11.3.1;
					};
					BD87072223E1D0B20027C224 = {
						CreatedOnToolsVersion = 11.3.1;
						TestTargetID = BD87070723E1D0AA0027C224;
					};
					BD87072D23E1D0B20027C224 = {
						CreatedOnToolsVersion = 11.3.1;
						TestTargetID = BD87070723E1D0AA0027C224;
					};
				};
			};
			buildConfigurationList = BD87070323E1D0A90027C224 /* Build configuration list for PBXProject "GithubAir" */;
			compatibilityVersion = "Xcode 9.3";
			developmentRegion = en;
			hasScannedForEncodings = 0;
			knownRegions = (
				en,
				Base,
			);
			mainGroup = BD8706FF23E1D0A90027C224;
			productRefGroup = BD87070923E1D0AA0027C224 /* Products */;
			projectDirPath = "";
			projectRoot = "";
			targets = (
				BD87070723E1D0AA0027C224 /* GithubAir */,
				BD87072223E1D0B20027C224 /* GithubAirTests */,
				BD87072D23E1D0B20027C224 /* GithubAirUITests */,
			);
		};
/* End PBXProject section */

/* Begin PBXResourcesBuildPhase section */
		BD87070623E1D0AA0027C224 /* Resources */ = {
			isa = PBXResourcesBuildPhase;
			buildActionMask = 2147483647;
			files = (
				BD8418BC23E7EEFB00BE240C /* RepoItemTableViewCell.xib in Resources */,
				BD87071B23E1D0B10027C224 /* LaunchScreen.storyboard in Resources */,
				BD87071823E1D0B10027C224 /* Assets.xcassets in Resources */,
				BD87071623E1D0AA0027C224 /* Main.storyboard in Resources */,
			);
			runOnlyForDeploymentPostprocessing = 0;
		};
		BD87072123E1D0B20027C224 /* Resources */ = {
			isa = PBXResourcesBuildPhase;
			buildActionMask = 2147483647;
			files = (
			);
			runOnlyForDeploymentPostprocessing = 0;
		};
		BD87072C23E1D0B20027C224 /* Resources */ = {
			isa = PBXResourcesBuildPhase;
			buildActionMask = 2147483647;
			files = (
			);
			runOnlyForDeploymentPostprocessing = 0;
		};
/* End PBXResourcesBuildPhase section */

/* Begin PBXShellScriptBuildPhase section */
		22EA06DE9F1BB7C686BA02EF /* [CP] Check Pods Manifest.lock */ = {
			isa = PBXShellScriptBuildPhase;
			buildActionMask = 2147483647;
			files = (
			);
			inputFileListPaths = (
			);
			inputPaths = (
				"${PODS_PODFILE_DIR_PATH}/Podfile.lock",
				"${PODS_ROOT}/Manifest.lock",
			);
			name = "[CP] Check Pods Manifest.lock";
			outputFileListPaths = (
			);
			outputPaths = (
				"$(DERIVED_FILE_DIR)/Pods-GithubAir-GithubAirUITests-checkManifestLockResult.txt",
			);
			runOnlyForDeploymentPostprocessing = 0;
			shellPath = /bin/sh;
			shellScript = "diff \"${PODS_PODFILE_DIR_PATH}/Podfile.lock\" \"${PODS_ROOT}/Manifest.lock\" > /dev/null\nif [ $? != 0 ] ; then\n    # print error to STDERR\n    echo \"error: The sandbox is not in sync with the Podfile.lock. Run 'pod install' or update your CocoaPods installation.\" >&2\n    exit 1\nfi\n# This output is used by Xcode 'outputs' to avoid re-running this script phase.\necho \"SUCCESS\" > \"${SCRIPT_OUTPUT_FILE_0}\"\n";
			showEnvVarsInLog = 0;
		};
		4800696FBF0094FAAFA99632 /* [CP] Check Pods Manifest.lock */ = {
			isa = PBXShellScriptBuildPhase;
			buildActionMask = 2147483647;
			files = (
			);
			inputFileListPaths = (
			);
			inputPaths = (
				"${PODS_PODFILE_DIR_PATH}/Podfile.lock",
				"${PODS_ROOT}/Manifest.lock",
			);
			name = "[CP] Check Pods Manifest.lock";
			outputFileListPaths = (
			);
			outputPaths = (
				"$(DERIVED_FILE_DIR)/Pods-GithubAir-checkManifestLockResult.txt",
			);
			runOnlyForDeploymentPostprocessing = 0;
			shellPath = /bin/sh;
			shellScript = "diff \"${PODS_PODFILE_DIR_PATH}/Podfile.lock\" \"${PODS_ROOT}/Manifest.lock\" > /dev/null\nif [ $? != 0 ] ; then\n    # print error to STDERR\n    echo \"error: The sandbox is not in sync with the Podfile.lock. Run 'pod install' or update your CocoaPods installation.\" >&2\n    exit 1\nfi\n# This output is used by Xcode 'outputs' to avoid re-running this script phase.\necho \"SUCCESS\" > \"${SCRIPT_OUTPUT_FILE_0}\"\n";
			showEnvVarsInLog = 0;
		};
		68382A4C8C2919FD5097C3EC /* [CP] Embed Pods Frameworks */ = {
			isa = PBXShellScriptBuildPhase;
			buildActionMask = 2147483647;
			files = (
			);
			inputFileListPaths = (
				"${PODS_ROOT}/Target Support Files/Pods-GithubAir-GithubAirUITests/Pods-GithubAir-GithubAirUITests-frameworks-${CONFIGURATION}-input-files.xcfilelist",
			);
			name = "[CP] Embed Pods Frameworks";
			outputFileListPaths = (
				"${PODS_ROOT}/Target Support Files/Pods-GithubAir-GithubAirUITests/Pods-GithubAir-GithubAirUITests-frameworks-${CONFIGURATION}-output-files.xcfilelist",
			);
			runOnlyForDeploymentPostprocessing = 0;
			shellPath = /bin/sh;
			shellScript = "\"${PODS_ROOT}/Target Support Files/Pods-GithubAir-GithubAirUITests/Pods-GithubAir-GithubAirUITests-frameworks.sh\"\n";
			showEnvVarsInLog = 0;
		};
		83E0096235519118162EB4D5 /* [CP] Check Pods Manifest.lock */ = {
			isa = PBXShellScriptBuildPhase;
			buildActionMask = 2147483647;
			files = (
			);
			inputFileListPaths = (
			);
			inputPaths = (
				"${PODS_PODFILE_DIR_PATH}/Podfile.lock",
				"${PODS_ROOT}/Manifest.lock",
			);
			name = "[CP] Check Pods Manifest.lock";
			outputFileListPaths = (
			);
			outputPaths = (
				"$(DERIVED_FILE_DIR)/Pods-GithubAirTests-checkManifestLockResult.txt",
			);
			runOnlyForDeploymentPostprocessing = 0;
			shellPath = /bin/sh;
			shellScript = "diff \"${PODS_PODFILE_DIR_PATH}/Podfile.lock\" \"${PODS_ROOT}/Manifest.lock\" > /dev/null\nif [ $? != 0 ] ; then\n    # print error to STDERR\n    echo \"error: The sandbox is not in sync with the Podfile.lock. Run 'pod install' or update your CocoaPods installation.\" >&2\n    exit 1\nfi\n# This output is used by Xcode 'outputs' to avoid re-running this script phase.\necho \"SUCCESS\" > \"${SCRIPT_OUTPUT_FILE_0}\"\n";
			showEnvVarsInLog = 0;
		};
		C0B4DD20F6BF89A1DC6ADCE9 /* [CP] Embed Pods Frameworks */ = {
			isa = PBXShellScriptBuildPhase;
			buildActionMask = 2147483647;
			files = (
			);
			inputFileListPaths = (
				"${PODS_ROOT}/Target Support Files/Pods-GithubAir/Pods-GithubAir-frameworks-${CONFIGURATION}-input-files.xcfilelist",
			);
			name = "[CP] Embed Pods Frameworks";
			outputFileListPaths = (
				"${PODS_ROOT}/Target Support Files/Pods-GithubAir/Pods-GithubAir-frameworks-${CONFIGURATION}-output-files.xcfilelist",
			);
			runOnlyForDeploymentPostprocessing = 0;
			shellPath = /bin/sh;
			shellScript = "\"${PODS_ROOT}/Target Support Files/Pods-GithubAir/Pods-GithubAir-frameworks.sh\"\n";
			showEnvVarsInLog = 0;
		};
/* End PBXShellScriptBuildPhase section */

/* Begin PBXSourcesBuildPhase section */
		BD87070423E1D0AA0027C224 /* Sources */ = {
			isa = PBXSourcesBuildPhase;
			buildActionMask = 2147483647;
			files = (
				BD8418B723E7E65400BE240C /* URGithubUserModel.m in Sources */,
				BD8418AA23E79D8B00BE240C /* URGithubRepositoryModel.m in Sources */,
				BD87070D23E1D0AA0027C224 /* AppDelegate.m in Sources */,
				BD87071E23E1D0B10027C224 /* main.m in Sources */,
				BD8418BB23E7EEFB00BE240C /* RepoItemTableViewCell.m in Sources */,
				BD8418A623E72F5A00BE240C /* URGithubAPI.m in Sources */,
				BD8418AF23E7BA3E00BE240C /* ReposViewController.m in Sources */,
				BD87071023E1D0AA0027C224 /* SceneDelegate.m in Sources */,
			);
			runOnlyForDeploymentPostprocessing = 0;
		};
		BD87071F23E1D0B20027C224 /* Sources */ = {
			isa = PBXSourcesBuildPhase;
			buildActionMask = 2147483647;
			files = (
				BD87072823E1D0B20027C224 /* GithubAirTests.m in Sources */,
			);
			runOnlyForDeploymentPostprocessing = 0;
		};
		BD87072A23E1D0B20027C224 /* Sources */ = {
			isa = PBXSourcesBuildPhase;
			buildActionMask = 2147483647;
			files = (
				BD87073323E1D0B20027C224 /* GithubAirUITests.m in Sources */,
			);
			runOnlyForDeploymentPostprocessing = 0;
		};
/* End PBXSourcesBuildPhase section */

/* Begin PBXTargetDependency section */
		BD87072523E1D0B20027C224 /* PBXTargetDependency */ = {
			isa = PBXTargetDependency;
			target = BD87070723E1D0AA0027C224 /* GithubAir */;
			targetProxy = BD87072423E1D0B20027C224 /* PBXContainerItemProxy */;
		};
		BD87073023E1D0B20027C224 /* PBXTargetDependency */ = {
			isa = PBXTargetDependency;
			target = BD87070723E1D0AA0027C224 /* GithubAir */;
			targetProxy = BD87072F23E1D0B20027C224 /* PBXContainerItemProxy */;
		};
/* End PBXTargetDependency section */

/* Begin PBXVariantGroup section */
		BD87071423E1D0AA0027C224 /* Main.storyboard */ = {
			isa = PBXVariantGroup;
			children = (
				BD87071523E1D0AA0027C224 /* Base */,
			);
			name = Main.storyboard;
			sourceTree = "<group>";
		};
		BD87071923E1D0B10027C224 /* LaunchScreen.storyboard */ = {
			isa = PBXVariantGroup;
			children = (
				BD87071A23E1D0B10027C224 /* Base */,
			);
			name = LaunchScreen.storyboard;
			sourceTree = "<group>";
		};
/* End PBXVariantGroup section */

/* Begin XCBuildConfiguration section */
		BD87073523E1D0B20027C224 /* Debug */ = {
			isa = XCBuildConfiguration;
			buildSettings = {
				ALWAYS_SEARCH_USER_PATHS = NO;
				CLANG_ANALYZER_NONNULL = YES;
				CLANG_ANALYZER_NUMBER_OBJECT_CONVERSION = YES_AGGRESSIVE;
				CLANG_CXX_LANGUAGE_STANDARD = "gnu++14";
				CLANG_CXX_LIBRARY = "libc++";
				CLANG_ENABLE_MODULES = YES;
				CLANG_ENABLE_OBJC_ARC = YES;
				CLANG_ENABLE_OBJC_WEAK = YES;
				CLANG_WARN_BLOCK_CAPTURE_AUTORELEASING = YES;
				CLANG_WARN_BOOL_CONVERSION = YES;
				CLANG_WARN_COMMA = YES;
				CLANG_WARN_CONSTANT_CONVERSION = YES;
				CLANG_WARN_DEPRECATED_OBJC_IMPLEMENTATIONS = YES;
				CLANG_WARN_DIRECT_OBJC_ISA_USAGE = YES_ERROR;
				CLANG_WARN_DOCUMENTATION_COMMENTS = YES;
				CLANG_WARN_EMPTY_BODY = YES;
				CLANG_WARN_ENUM_CONVERSION = YES;
				CLANG_WARN_INFINITE_RECURSION = YES;
				CLANG_WARN_INT_CONVERSION = YES;
				CLANG_WARN_NON_LITERAL_NULL_CONVERSION = YES;
				CLANG_WARN_OBJC_IMPLICIT_RETAIN_SELF = YES;
				CLANG_WARN_OBJC_LITERAL_CONVERSION = YES;
				CLANG_WARN_OBJC_ROOT_CLASS = YES_ERROR;
				CLANG_WARN_RANGE_LOOP_ANALYSIS = YES;
				CLANG_WARN_STRICT_PROTOTYPES = YES;
				CLANG_WARN_SUSPICIOUS_MOVE = YES;
				CLANG_WARN_UNGUARDED_AVAILABILITY = YES_AGGRESSIVE;
				CLANG_WARN_UNREACHABLE_CODE = YES;
				CLANG_WARN__DUPLICATE_METHOD_MATCH = YES;
				COPY_PHASE_STRIP = NO;
				DEBUG_INFORMATION_FORMAT = dwarf;
				ENABLE_STRICT_OBJC_MSGSEND = YES;
				ENABLE_TESTABILITY = YES;
				GCC_C_LANGUAGE_STANDARD = gnu11;
				GCC_DYNAMIC_NO_PIC = NO;
				GCC_NO_COMMON_BLOCKS = YES;
				GCC_OPTIMIZATION_LEVEL = 0;
				GCC_PREPROCESSOR_DEFINITIONS = (
					"DEBUG=1",
					"$(inherited)",
				);
				GCC_WARN_64_TO_32_BIT_CONVERSION = YES;
				GCC_WARN_ABOUT_RETURN_TYPE = YES_ERROR;
				GCC_WARN_UNDECLARED_SELECTOR = YES;
				GCC_WARN_UNINITIALIZED_AUTOS = YES_AGGRESSIVE;
				GCC_WARN_UNUSED_FUNCTION = YES;
				GCC_WARN_UNUSED_VARIABLE = YES;
				IPHONEOS_DEPLOYMENT_TARGET = 13.2;
				MTL_ENABLE_DEBUG_INFO = INCLUDE_SOURCE;
				MTL_FAST_MATH = YES;
				ONLY_ACTIVE_ARCH = YES;
				SDKROOT = iphoneos;
			};
			name = Debug;
		};
		BD87073623E1D0B20027C224 /* Release */ = {
			isa = XCBuildConfiguration;
			buildSettings = {
				ALWAYS_SEARCH_USER_PATHS = NO;
				CLANG_ANALYZER_NONNULL = YES;
				CLANG_ANALYZER_NUMBER_OBJECT_CONVERSION = YES_AGGRESSIVE;
				CLANG_CXX_LANGUAGE_STANDARD = "gnu++14";
				CLANG_CXX_LIBRARY = "libc++";
				CLANG_ENABLE_MODULES = YES;
				CLANG_ENABLE_OBJC_ARC = YES;
				CLANG_ENABLE_OBJC_WEAK = YES;
				CLANG_WARN_BLOCK_CAPTURE_AUTORELEASING = YES;
				CLANG_WARN_BOOL_CONVERSION = YES;
				CLANG_WARN_COMMA = YES;
				CLANG_WARN_CONSTANT_CONVERSION = YES;
				CLANG_WARN_DEPRECATED_OBJC_IMPLEMENTATIONS = YES;
				CLANG_WARN_DIRECT_OBJC_ISA_USAGE = YES_ERROR;
				CLANG_WARN_DOCUMENTATION_COMMENTS = YES;
				CLANG_WARN_EMPTY_BODY = YES;
				CLANG_WARN_ENUM_CONVERSION = YES;
				CLANG_WARN_INFINITE_RECURSION = YES;
				CLANG_WARN_INT_CONVERSION = YES;
				CLANG_WARN_NON_LITERAL_NULL_CONVERSION = YES;
				CLANG_WARN_OBJC_IMPLICIT_RETAIN_SELF = YES;
				CLANG_WARN_OBJC_LITERAL_CONVERSION = YES;
				CLANG_WARN_OBJC_ROOT_CLASS = YES_ERROR;
				CLANG_WARN_RANGE_LOOP_ANALYSIS = YES;
				CLANG_WARN_STRICT_PROTOTYPES = YES;
				CLANG_WARN_SUSPICIOUS_MOVE = YES;
				CLANG_WARN_UNGUARDED_AVAILABILITY = YES_AGGRESSIVE;
				CLANG_WARN_UNREACHABLE_CODE = YES;
				CLANG_WARN__DUPLICATE_METHOD_MATCH = YES;
				COPY_PHASE_STRIP = NO;
				DEBUG_INFORMATION_FORMAT = "dwarf-with-dsym";
				ENABLE_NS_ASSERTIONS = NO;
				ENABLE_STRICT_OBJC_MSGSEND = YES;
				GCC_C_LANGUAGE_STANDARD = gnu11;
				GCC_NO_COMMON_BLOCKS = YES;
				GCC_WARN_64_TO_32_BIT_CONVERSION = YES;
				GCC_WARN_ABOUT_RETURN_TYPE = YES_ERROR;
				GCC_WARN_UNDECLARED_SELECTOR = YES;
				GCC_WARN_UNINITIALIZED_AUTOS = YES_AGGRESSIVE;
				GCC_WARN_UNUSED_FUNCTION = YES;
				GCC_WARN_UNUSED_VARIABLE = YES;
				IPHONEOS_DEPLOYMENT_TARGET = 13.2;
				MTL_ENABLE_DEBUG_INFO = NO;
				MTL_FAST_MATH = YES;
				SDKROOT = iphoneos;
				VALIDATE_PRODUCT = YES;
			};
			name = Release;
		};
		BD87073823E1D0B20027C224 /* Debug */ = {
			isa = XCBuildConfiguration;
			baseConfigurationReference = 1C0C0E95AE2116E370D1A2B0 /* Pods-GithubAir.debug.xcconfig */;
			buildSettings = {
				ASSETCATALOG_COMPILER_APPICON_NAME = AppIcon;
				CODE_SIGN_STYLE = Automatic;
				INFOPLIST_FILE = GithubAir/Info.plist;
				LD_RUNPATH_SEARCH_PATHS = (
					"$(inherited)",
					"@executable_path/Frameworks",
				);
				PRODUCT_BUNDLE_IDENTIFIER = io.unitedremote.GithubAir;
				PRODUCT_NAME = "$(TARGET_NAME)";
				TARGETED_DEVICE_FAMILY = "1,2";
			};
			name = Debug;
		};
		BD87073923E1D0B20027C224 /* Release */ = {
			isa = XCBuildConfiguration;
			baseConfigurationReference = 0D5114CBCA9E7ED1BD30E9EC /* Pods-GithubAir.release.xcconfig */;
			buildSettings = {
				ASSETCATALOG_COMPILER_APPICON_NAME = AppIcon;
				CODE_SIGN_STYLE = Automatic;
				INFOPLIST_FILE = GithubAir/Info.plist;
				LD_RUNPATH_SEARCH_PATHS = (
					"$(inherited)",
					"@executable_path/Frameworks",
				);
				PRODUCT_BUNDLE_IDENTIFIER = io.unitedremote.GithubAir;
				PRODUCT_NAME = "$(TARGET_NAME)";
				TARGETED_DEVICE_FAMILY = "1,2";
			};
			name = Release;
		};
		BD87073B23E1D0B20027C224 /* Debug */ = {
			isa = XCBuildConfiguration;
			baseConfigurationReference = DD7AD3A376A35F71F583F78F /* Pods-GithubAirTests.debug.xcconfig */;
			buildSettings = {
				BUNDLE_LOADER = "$(TEST_HOST)";
				CODE_SIGN_STYLE = Automatic;
				INFOPLIST_FILE = GithubAirTests/Info.plist;
				IPHONEOS_DEPLOYMENT_TARGET = 13.2;
				LD_RUNPATH_SEARCH_PATHS = (
					"$(inherited)",
					"@executable_path/Frameworks",
					"@loader_path/Frameworks",
				);
				PRODUCT_BUNDLE_IDENTIFIER = io.unitedremote.GithubAirTests;
				PRODUCT_NAME = "$(TARGET_NAME)";
				TARGETED_DEVICE_FAMILY = "1,2";
				TEST_HOST = "$(BUILT_PRODUCTS_DIR)/GithubAir.app/GithubAir";
			};
			name = Debug;
		};
		BD87073C23E1D0B20027C224 /* Release */ = {
			isa = XCBuildConfiguration;
			baseConfigurationReference = 15362F2EF7F3E041BBDD90C0 /* Pods-GithubAirTests.release.xcconfig */;
			buildSettings = {
				BUNDLE_LOADER = "$(TEST_HOST)";
				CODE_SIGN_STYLE = Automatic;
				INFOPLIST_FILE = GithubAirTests/Info.plist;
				IPHONEOS_DEPLOYMENT_TARGET = 13.2;
				LD_RUNPATH_SEARCH_PATHS = (
					"$(inherited)",
					"@executable_path/Frameworks",
					"@loader_path/Frameworks",
				);
				PRODUCT_BUNDLE_IDENTIFIER = io.unitedremote.GithubAirTests;
				PRODUCT_NAME = "$(TARGET_NAME)";
				TARGETED_DEVICE_FAMILY = "1,2";
				TEST_HOST = "$(BUILT_PRODUCTS_DIR)/GithubAir.app/GithubAir";
			};
			name = Release;
		};
		BD87073E23E1D0B20027C224 /* Debug */ = {
			isa = XCBuildConfiguration;
			baseConfigurationReference = CC0028FFA671E53183851845 /* Pods-GithubAir-GithubAirUITests.debug.xcconfig */;
			buildSettings = {
				CODE_SIGN_STYLE = Automatic;
				INFOPLIST_FILE = GithubAirUITests/Info.plist;
				LD_RUNPATH_SEARCH_PATHS = (
					"$(inherited)",
					"@executable_path/Frameworks",
					"@loader_path/Frameworks",
				);
				PRODUCT_BUNDLE_IDENTIFIER = io.unitedremote.GithubAirUITests;
				PRODUCT_NAME = "$(TARGET_NAME)";
				TARGETED_DEVICE_FAMILY = "1,2";
				TEST_TARGET_NAME = GithubAir;
			};
			name = Debug;
		};
		BD87073F23E1D0B20027C224 /* Release */ = {
			isa = XCBuildConfiguration;
			baseConfigurationReference = 53315152432ED5D531079B6A /* Pods-GithubAir-GithubAirUITests.release.xcconfig */;
			buildSettings = {
				CODE_SIGN_STYLE = Automatic;
				INFOPLIST_FILE = GithubAirUITests/Info.plist;
				LD_RUNPATH_SEARCH_PATHS = (
					"$(inherited)",
					"@executable_path/Frameworks",
					"@loader_path/Frameworks",
				);
				PRODUCT_BUNDLE_IDENTIFIER = io.unitedremote.GithubAirUITests;
				PRODUCT_NAME = "$(TARGET_NAME)";
				TARGETED_DEVICE_FAMILY = "1,2";
				TEST_TARGET_NAME = GithubAir;
			};
			name = Release;
		};
/* End XCBuildConfiguration section */

/* Begin XCConfigurationList section */
		BD87070323E1D0A90027C224 /* Build configuration list for PBXProject "GithubAir" */ = {
			isa = XCConfigurationList;
			buildConfigurations = (
				BD87073523E1D0B20027C224 /* Debug */,
				BD87073623E1D0B20027C224 /* Release */,
			);
			defaultConfigurationIsVisible = 0;
			defaultConfigurationName = Release;
		};
		BD87073723E1D0B20027C224 /* Build configuration list for PBXNativeTarget "GithubAir" */ = {
			isa = XCConfigurationList;
			buildConfigurations = (
				BD87073823E1D0B20027C224 /* Debug */,
				BD87073923E1D0B20027C224 /* Release */,
			);
			defaultConfigurationIsVisible = 0;
			defaultConfigurationName = Release;
		};
		BD87073A23E1D0B20027C224 /* Build configuration list for PBXNativeTarget "GithubAirTests" */ = {
			isa = XCConfigurationList;
			buildConfigurations = (
				BD87073B23E1D0B20027C224 /* Debug */,
				BD87073C23E1D0B20027C224 /* Release */,
			);
			defaultConfigurationIsVisible = 0;
			defaultConfigurationName = Release;
		};
		BD87073D23E1D0B20027C224 /* Build configuration list for PBXNativeTarget "GithubAirUITests" */ = {
			isa = XCConfigurationList;
			buildConfigurations = (
				BD87073E23E1D0B20027C224 /* Debug */,
				BD87073F23E1D0B20027C224 /* Release */,
			);
			defaultConfigurationIsVisible = 0;
			defaultConfigurationName = Release;
		};
/* End XCConfigurationList section */
	};
	rootObject = BD87070023E1D0A90027C224 /* Project object */;
}
